
Microsoft Visual Studio Solution File, Format Version 12.00
# Visual Studio 15
VisualStudioVersion = 15.0.27428.2043
MinimumVisualStudioVersion = 10.0.40219.1
Project("{FAE04EC0-301F-11D3-BF4B-00C04F79EFBC}") = "GameMasterToolbox.Android", "GameMasterToolbox\GameMasterToolbox.Android\GameMasterToolbox.Android.csproj", "{EC0120D9-688C-42C9-9847-0EA52F0FE9DD}"
EndProject
Project("{FAE04EC0-301F-11D3-BF4B-00C04F79EFBC}") = "GameMasterToolbox.iOS", "GameMasterToolbox\GameMasterToolbox.iOS\GameMasterToolbox.iOS.csproj", "{FA4C5774-B6AA-40BC-9C58-56FA8C7985DC}"
EndProject
Project("{FAE04EC0-301F-11D3-BF4B-00C04F79EFBC}") = "GameMasterToolbox.UWP", "GameMasterToolbox\GameMasterToolbox.UWP\GameMasterToolbox.UWP.csproj", "{F9B9FDEB-CFE3-424C-A2EA-4A881BBFCF56}"
EndProject
Project("{D954291E-2A0B-460D-934E-DC6B0785DB48}") = "GameMasterToolbox", "GameMasterToolbox\GameMasterToolbox\GameMasterToolbox.shproj", "{164F68C2-C466-4340-B665-97D27F790187}"
EndProject
Global
	GlobalSection(SharedMSBuildProjectFiles) = preSolution
		GameMasterToolbox\GameMasterToolbox\GameMasterToolbox.projitems*{164f68c2-c466-4340-b665-97d27f790187}*SharedItemsImports = 13
		GameMasterToolbox\GameMasterToolbox\GameMasterToolbox.projitems*{ec0120d9-688c-42c9-9847-0ea52f0fe9dd}*SharedItemsImports = 4
		GameMasterToolbox\GameMasterToolbox\GameMasterToolbox.projitems*{f9b9fdeb-cfe3-424c-a2ea-4a881bbfcf56}*SharedItemsImports = 4
		GameMasterToolbox\GameMasterToolbox\GameMasterToolbox.projitems*{fa4c5774-b6aa-40bc-9c58-56fa8c7985dc}*SharedItemsImports = 4
	EndGlobalSection
	GlobalSection(SolutionConfigurationPlatforms) = preSolution
		Ad-Hoc|Any CPU = Ad-Hoc|Any CPU
		Ad-Hoc|ARM = Ad-Hoc|ARM
		Ad-Hoc|iPhone = Ad-Hoc|iPhone
		Ad-Hoc|iPhoneSimulator = Ad-Hoc|iPhoneSimulator
		Ad-Hoc|x64 = Ad-Hoc|x64
		Ad-Hoc|x86 = Ad-Hoc|x86
		AppStore|Any CPU = AppStore|Any CPU
		AppStore|ARM = AppStore|ARM
		AppStore|iPhone = AppStore|iPhone
		AppStore|iPhoneSimulator = AppStore|iPhoneSimulator
		AppStore|x64 = AppStore|x64
		AppStore|x86 = AppStore|x86
		Debug|Any CPU = Debug|Any CPU
		Debug|ARM = Debug|ARM
		Debug|iPhone = Debug|iPhone
		Debug|iPhoneSimulator = Debug|iPhoneSimulator
		Debug|x64 = Debug|x64
		Debug|x86 = Debug|x86
		Release|Any CPU = Release|Any CPU
		Release|ARM = Release|ARM
		Release|iPhone = Release|iPhone
		Release|iPhoneSimulator = Release|iPhoneSimulator
		Release|x64 = Release|x64
		Release|x86 = Release|x86
	EndGlobalSection
	GlobalSection(ProjectConfigurationPlatforms) = postSolution
		{EC0120D9-688C-42C9-9847-0EA52F0FE9DD}.Ad-Hoc|Any CPU.ActiveCfg = Release|Any CPU
		{EC0120D9-688C-42C9-9847-0EA52F0FE9DD}.Ad-Hoc|Any CPU.Build.0 = Release|Any CPU
		{EC0120D9-688C-42C9-9847-0EA52F0FE9DD}.Ad-Hoc|Any CPU.Deploy.0 = Release|Any CPU
		{EC0120D9-688C-42C9-9847-0EA52F0FE9DD}.Ad-Hoc|ARM.ActiveCfg = Release|Any CPU
		{EC0120D9-688C-42C9-9847-0EA52F0FE9DD}.Ad-Hoc|ARM.Build.0 = Release|Any CPU
		{EC0120D9-688C-42C9-9847-0EA52F0FE9DD}.Ad-Hoc|ARM.Deploy.0 = Release|Any CPU
		{EC0120D9-688C-42C9-9847-0EA52F0FE9DD}.Ad-Hoc|iPhone.ActiveCfg = Release|Any CPU
		{EC0120D9-688C-42C9-9847-0EA52F0FE9DD}.Ad-Hoc|iPhone.Build.0 = Release|Any CPU
		{EC0120D9-688C-42C9-9847-0EA52F0FE9DD}.Ad-Hoc|iPhone.Deploy.0 = Release|Any CPU
		{EC0120D9-688C-42C9-9847-0EA52F0FE9DD}.Ad-Hoc|iPhoneSimulator.ActiveCfg = Release|Any CPU
		{EC0120D9-688C-42C9-9847-0EA52F0FE9DD}.Ad-Hoc|iPhoneSimulator.Build.0 = Release|Any CPU
		{EC0120D9-688C-42C9-9847-0EA52F0FE9DD}.Ad-Hoc|iPhoneSimulator.Deploy.0 = Release|Any CPU
		{EC0120D9-688C-42C9-9847-0EA52F0FE9DD}.Ad-Hoc|x64.ActiveCfg = Release|Any CPU
		{EC0120D9-688C-42C9-9847-0EA52F0FE9DD}.Ad-Hoc|x64.Build.0 = Release|Any CPU
		{EC0120D9-688C-42C9-9847-0EA52F0FE9DD}.Ad-Hoc|x64.Deploy.0 = Release|Any CPU
		{EC0120D9-688C-42C9-9847-0EA52F0FE9DD}.Ad-Hoc|x86.ActiveCfg = Release|Any CPU
		{EC0120D9-688C-42C9-9847-0EA52F0FE9DD}.Ad-Hoc|x86.Build.0 = Release|Any CPU
		{EC0120D9-688C-42C9-9847-0EA52F0FE9DD}.Ad-Hoc|x86.Deploy.0 = Release|Any CPU
		{EC0120D9-688C-42C9-9847-0EA52F0FE9DD}.AppStore|Any CPU.ActiveCfg = Release|Any CPU
		{EC0120D9-688C-42C9-9847-0EA52F0FE9DD}.AppStore|Any CPU.Build.0 = Release|Any CPU
		{EC0120D9-688C-42C9-9847-0EA52F0FE9DD}.AppStore|Any CPU.Deploy.0 = Release|Any CPU
		{EC0120D9-688C-42C9-9847-0EA52F0FE9DD}.AppStore|ARM.ActiveCfg = Release|Any CPU
		{EC0120D9-688C-42C9-9847-0EA52F0FE9DD}.AppStore|ARM.Build.0 = Release|Any CPU
		{EC0120D9-688C-42C9-9847-0EA52F0FE9DD}.AppStore|ARM.Deploy.0 = Release|Any CPU
		{EC0120D9-688C-42C9-9847-0EA52F0FE9DD}.AppStore|iPhone.ActiveCfg = Release|Any CPU
		{EC0120D9-688C-42C9-9847-0EA52F0FE9DD}.AppStore|iPhone.Build.0 = Release|Any CPU
		{EC0120D9-688C-42C9-9847-0EA52F0FE9DD}.AppStore|iPhone.Deploy.0 = Release|Any CPU
		{EC0120D9-688C-42C9-9847-0EA52F0FE9DD}.AppStore|iPhoneSimulator.ActiveCfg = Release|Any CPU
		{EC0120D9-688C-42C9-9847-0EA52F0FE9DD}.AppStore|iPhoneSimulator.Build.0 = Release|Any CPU
		{EC0120D9-688C-42C9-9847-0EA52F0FE9DD}.AppStore|iPhoneSimulator.Deploy.0 = Release|Any CPU
		{EC0120D9-688C-42C9-9847-0EA52F0FE9DD}.AppStore|x64.ActiveCfg = Release|Any CPU
		{EC0120D9-688C-42C9-9847-0EA52F0FE9DD}.AppStore|x64.Build.0 = Release|Any CPU
		{EC0120D9-688C-42C9-9847-0EA52F0FE9DD}.AppStore|x64.Deploy.0 = Release|Any CPU
		{EC0120D9-688C-42C9-9847-0EA52F0FE9DD}.AppStore|x86.ActiveCfg = Release|Any CPU
		{EC0120D9-688C-42C9-9847-0EA52F0FE9DD}.AppStore|x86.Build.0 = Release|Any CPU
		{EC0120D9-688C-42C9-9847-0EA52F0FE9DD}.AppStore|x86.Deploy.0 = Release|Any CPU
		{EC0120D9-688C-42C9-9847-0EA52F0FE9DD}.Debug|Any CPU.ActiveCfg = Debug|Any CPU
		{EC0120D9-688C-42C9-9847-0EA52F0FE9DD}.Debug|Any CPU.Build.0 = Debug|Any CPU
		{EC0120D9-688C-42C9-9847-0EA52F0FE9DD}.Debug|Any CPU.Deploy.0 = Debug|Any CPU
		{EC0120D9-688C-42C9-9847-0EA52F0FE9DD}.Debug|ARM.ActiveCfg = Debug|Any CPU
		{EC0120D9-688C-42C9-9847-0EA52F0FE9DD}.Debug|ARM.Build.0 = Debug|Any CPU
		{EC0120D9-688C-42C9-9847-0EA52F0FE9DD}.Debug|ARM.Deploy.0 = Debug|Any CPU
		{EC0120D9-688C-42C9-9847-0EA52F0FE9DD}.Debug|iPhone.ActiveCfg = Debug|Any CPU
		{EC0120D9-688C-42C9-9847-0EA52F0FE9DD}.Debug|iPhone.Build.0 = Debug|Any CPU
		{EC0120D9-688C-42C9-9847-0EA52F0FE9DD}.Debug|iPhone.Deploy.0 = Debug|Any CPU
		{EC0120D9-688C-42C9-9847-0EA52F0FE9DD}.Debug|iPhoneSimulator.ActiveCfg = Debug|Any CPU
		{EC0120D9-688C-42C9-9847-0EA52F0FE9DD}.Debug|iPhoneSimulator.Build.0 = Debug|Any CPU
		{EC0120D9-688C-42C9-9847-0EA52F0FE9DD}.Debug|iPhoneSimulator.Deploy.0 = Debug|Any CPU
		{EC0120D9-688C-42C9-9847-0EA52F0FE9DD}.Debug|x64.ActiveCfg = Debug|Any CPU
		{EC0120D9-688C-42C9-9847-0EA52F0FE9DD}.Debug|x64.Build.0 = Debug|Any CPU
		{EC0120D9-688C-42C9-9847-0EA52F0FE9DD}.Debug|x64.Deploy.0 = Debug|Any CPU
		{EC0120D9-688C-42C9-9847-0EA52F0FE9DD}.Debug|x86.ActiveCfg = Debug|Any CPU
		{EC0120D9-688C-42C9-9847-0EA52F0FE9DD}.Debug|x86.Build.0 = Debug|Any CPU
		{EC0120D9-688C-42C9-9847-0EA52F0FE9DD}.Debug|x86.Deploy.0 = Debug|Any CPU
		{EC0120D9-688C-42C9-9847-0EA52F0FE9DD}.Release|Any CPU.ActiveCfg = Release|Any CPU
		{EC0120D9-688C-42C9-9847-0EA52F0FE9DD}.Release|Any CPU.Build.0 = Release|Any CPU
		{EC0120D9-688C-42C9-9847-0EA52F0FE9DD}.Release|Any CPU.Deploy.0 = Release|Any CPU
		{EC0120D9-688C-42C9-9847-0EA52F0FE9DD}.Release|ARM.ActiveCfg = Release|Any CPU
		{EC0120D9-688C-42C9-9847-0EA52F0FE9DD}.Release|ARM.Build.0 = Release|Any CPU
		{EC0120D9-688C-42C9-9847-0EA52F0FE9DD}.Release|ARM.Deploy.0 = Release|Any CPU
		{EC0120D9-688C-42C9-9847-0EA52F0FE9DD}.Release|iPhone.ActiveCfg = Release|Any CPU
		{EC0120D9-688C-42C9-9847-0EA52F0FE9DD}.Release|iPhone.Build.0 = Release|Any CPU
		{EC0120D9-688C-42C9-9847-0EA52F0FE9DD}.Release|iPhone.Deploy.0 = Release|Any CPU
		{EC0120D9-688C-42C9-9847-0EA52F0FE9DD}.Release|iPhoneSimulator.ActiveCfg = Release|Any CPU
		{EC0120D9-688C-42C9-9847-0EA52F0FE9DD}.Release|iPhoneSimulator.Build.0 = Release|Any CPU
		{EC0120D9-688C-42C9-9847-0EA52F0FE9DD}.Release|iPhoneSimulator.Deploy.0 = Release|Any CPU
		{EC0120D9-688C-42C9-9847-0EA52F0FE9DD}.Release|x64.ActiveCfg = Release|Any CPU
		{EC0120D9-688C-42C9-9847-0EA52F0FE9DD}.Release|x64.Build.0 = Release|Any CPU
		{EC0120D9-688C-42C9-9847-0EA52F0FE9DD}.Release|x64.Deploy.0 = Release|Any CPU
		{EC0120D9-688C-42C9-9847-0EA52F0FE9DD}.Release|x86.ActiveCfg = Release|Any CPU
		{EC0120D9-688C-42C9-9847-0EA52F0FE9DD}.Release|x86.Build.0 = Release|Any CPU
		{EC0120D9-688C-42C9-9847-0EA52F0FE9DD}.Release|x86.Deploy.0 = Release|Any CPU
		{FA4C5774-B6AA-40BC-9C58-56FA8C7985DC}.Ad-Hoc|Any CPU.ActiveCfg = Ad-Hoc|iPhone
		{FA4C5774-B6AA-40BC-9C58-56FA8C7985DC}.Ad-Hoc|ARM.ActiveCfg = Ad-Hoc|iPhone
		{FA4C5774-B6AA-40BC-9C58-56FA8C7985DC}.Ad-Hoc|iPhone.ActiveCfg = Ad-Hoc|iPhone
		{FA4C5774-B6AA-40BC-9C58-56FA8C7985DC}.Ad-Hoc|iPhone.Build.0 = Ad-Hoc|iPhone
		{FA4C5774-B6AA-40BC-9C58-56FA8C7985DC}.Ad-Hoc|iPhoneSimulator.ActiveCfg = Ad-Hoc|iPhoneSimulator
		{FA4C5774-B6AA-40BC-9C58-56FA8C7985DC}.Ad-Hoc|iPhoneSimulator.Build.0 = Ad-Hoc|iPhoneSimulator
		{FA4C5774-B6AA-40BC-9C58-56FA8C7985DC}.Ad-Hoc|x64.ActiveCfg = Ad-Hoc|iPhone
		{FA4C5774-B6AA-40BC-9C58-56FA8C7985DC}.Ad-Hoc|x86.ActiveCfg = Ad-Hoc|iPhone
		{FA4C5774-B6AA-40BC-9C58-56FA8C7985DC}.AppStore|Any CPU.ActiveCfg = AppStore|iPhone
		{FA4C5774-B6AA-40BC-9C58-56FA8C7985DC}.AppStore|ARM.ActiveCfg = AppStore|iPhone
		{FA4C5774-B6AA-40BC-9C58-56FA8C7985DC}.AppStore|iPhone.ActiveCfg = AppStore|iPhone
		{FA4C5774-B6AA-40BC-9C58-56FA8C7985DC}.AppStore|iPhone.Build.0 = AppStore|iPhone
		{FA4C5774-B6AA-40BC-9C58-56FA8C7985DC}.AppStore|iPhoneSimulator.ActiveCfg = AppStore|iPhoneSimulator
		{FA4C5774-B6AA-40BC-9C58-56FA8C7985DC}.AppStore|iPhoneSimulator.Build.0 = AppStore|iPhoneSimulator
		{FA4C5774-B6AA-40BC-9C58-56FA8C7985DC}.AppStore|x64.ActiveCfg = AppStore|iPhone
		{FA4C5774-B6AA-40BC-9C58-56FA8C7985DC}.AppStore|x86.ActiveCfg = AppStore|iPhone
		{FA4C5774-B6AA-40BC-9C58-56FA8C7985DC}.Debug|Any CPU.ActiveCfg = Debug|iPhone
		{FA4C5774-B6AA-40BC-9C58-56FA8C7985DC}.Debug|ARM.ActiveCfg = Debug|iPhone
		{FA4C5774-B6AA-40BC-9C58-56FA8C7985DC}.Debug|iPhone.ActiveCfg = Debug|iPhone
		{FA4C5774-B6AA-40BC-9C58-56FA8C7985DC}.Debug|iPhone.Build.0 = Debug|iPhone
		{FA4C5774-B6AA-40BC-9C58-56FA8C7985DC}.Debug|iPhoneSimulator.ActiveCfg = Debug|iPhoneSimulator
		{FA4C5774-B6AA-40BC-9C58-56FA8C7985DC}.Debug|iPhoneSimulator.Build.0 = Debug|iPhoneSimulator
		{FA4C5774-B6AA-40BC-9C58-56FA8C7985DC}.Debug|x64.ActiveCfg = Debug|iPhone
		{FA4C5774-B6AA-40BC-9C58-56FA8C7985DC}.Debug|x86.ActiveCfg = Debug|iPhone
		{FA4C5774-B6AA-40BC-9C58-56FA8C7985DC}.Release|Any CPU.ActiveCfg = Release|iPhone
		{FA4C5774-B6AA-40BC-9C58-56FA8C7985DC}.Release|ARM.ActiveCfg = Release|iPhone
		{FA4C5774-B6AA-40BC-9C58-56FA8C7985DC}.Release|iPhone.ActiveCfg = Release|iPhone
		{FA4C5774-B6AA-40BC-9C58-56FA8C7985DC}.Release|iPhone.Build.0 = Release|iPhone
		{FA4C5774-B6AA-40BC-9C58-56FA8C7985DC}.Release|iPhoneSimulator.ActiveCfg = Release|iPhoneSimulator
		{FA4C5774-B6AA-40BC-9C58-56FA8C7985DC}.Release|iPhoneSimulator.Build.0 = Release|iPhoneSimulator
		{FA4C5774-B6AA-40BC-9C58-56FA8C7985DC}.Release|x64.ActiveCfg = Release|iPhone
		{FA4C5774-B6AA-40BC-9C58-56FA8C7985DC}.Release|x86.ActiveCfg = Release|iPhone
		{F9B9FDEB-CFE3-424C-A2EA-4A881BBFCF56}.Ad-Hoc|Any CPU.ActiveCfg = Release|x86
		{F9B9FDEB-CFE3-424C-A2EA-4A881BBFCF56}.Ad-Hoc|Any CPU.Build.0 = Release|x86
		{F9B9FDEB-CFE3-424C-A2EA-4A881BBFCF56}.Ad-Hoc|Any CPU.Deploy.0 = Release|x86
		{F9B9FDEB-CFE3-424C-A2EA-4A881BBFCF56}.Ad-Hoc|ARM.ActiveCfg = Release|ARM
		{F9B9FDEB-CFE3-424C-A2EA-4A881BBFCF56}.Ad-Hoc|ARM.Build.0 = Release|ARM
		{F9B9FDEB-CFE3-424C-A2EA-4A881BBFCF56}.Ad-Hoc|ARM.Deploy.0 = Release|ARM
		{F9B9FDEB-CFE3-424C-A2EA-4A881BBFCF56}.Ad-Hoc|iPhone.ActiveCfg = Release|x86
		{F9B9FDEB-CFE3-424C-A2EA-4A881BBFCF56}.Ad-Hoc|iPhone.Build.0 = Release|x86
		{F9B9FDEB-CFE3-424C-A2EA-4A881BBFCF56}.Ad-Hoc|iPhone.Deploy.0 = Release|x86
		{F9B9FDEB-CFE3-424C-A2EA-4A881BBFCF56}.Ad-Hoc|iPhoneSimulator.ActiveCfg = Release|x86
		{F9B9FDEB-CFE3-424C-A2EA-4A881BBFCF56}.Ad-Hoc|iPhoneSimulator.Build.0 = Release|x86
		{F9B9FDEB-CFE3-424C-A2EA-4A881BBFCF56}.Ad-Hoc|iPhoneSimulator.Deploy.0 = Release|x86
		{F9B9FDEB-CFE3-424C-A2EA-4A881BBFCF56}.Ad-Hoc|x64.ActiveCfg = Release|x64
		{F9B9FDEB-CFE3-424C-A2EA-4A881BBFCF56}.Ad-Hoc|x64.Build.0 = Release|x64
		{F9B9FDEB-CFE3-424C-A2EA-4A881BBFCF56}.Ad-Hoc|x64.Deploy.0 = Release|x64
		{F9B9FDEB-CFE3-424C-A2EA-4A881BBFCF56}.Ad-Hoc|x86.ActiveCfg = Release|x86
		{F9B9FDEB-CFE3-424C-A2EA-4A881BBFCF56}.Ad-Hoc|x86.Build.0 = Release|x86
		{F9B9FDEB-CFE3-424C-A2EA-4A881BBFCF56}.Ad-Hoc|x86.Deploy.0 = Release|x86
		{F9B9FDEB-CFE3-424C-A2EA-4A881BBFCF56}.AppStore|Any CPU.ActiveCfg = Release|x86
		{F9B9FDEB-CFE3-424C-A2EA-4A881BBFCF56}.AppStore|Any CPU.Build.0 = Release|x86
		{F9B9FDEB-CFE3-424C-A2EA-4A881BBFCF56}.AppStore|Any CPU.Deploy.0 = Release|x86
		{F9B9FDEB-CFE3-424C-A2EA-4A881BBFCF56}.AppStore|ARM.ActiveCfg = Release|ARM
		{F9B9FDEB-CFE3-424C-A2EA-4A881BBFCF56}.AppStore|ARM.Build.0 = Release|ARM
		{F9B9FDEB-CFE3-424C-A2EA-4A881BBFCF56}.AppStore|ARM.Deploy.0 = Release|ARM
		{F9B9FDEB-CFE3-424C-A2EA-4A881BBFCF56}.AppStore|iPhone.ActiveCfg = Release|x86
		{F9B9FDEB-CFE3-424C-A2EA-4A881BBFCF56}.AppStore|iPhone.Build.0 = Release|x86
		{F9B9FDEB-CFE3-424C-A2EA-4A881BBFCF56}.AppStore|iPhone.Deploy.0 = Release|x86
		{F9B9FDEB-CFE3-424C-A2EA-4A881BBFCF56}.AppStore|iPhoneSimulator.ActiveCfg = Release|x86
		{F9B9FDEB-CFE3-424C-A2EA-4A881BBFCF56}.AppStore|iPhoneSimulator.Build.0 = Release|x86
		{F9B9FDEB-CFE3-424C-A2EA-4A881BBFCF56}.AppStore|iPhoneSimulator.Deploy.0 = Release|x86
		{F9B9FDEB-CFE3-424C-A2EA-4A881BBFCF56}.AppStore|x64.ActiveCfg = Release|x64
		{F9B9FDEB-CFE3-424C-A2EA-4A881BBFCF56}.AppStore|x64.Build.0 = Release|x64
		{F9B9FDEB-CFE3-424C-A2EA-4A881BBFCF56}.AppStore|x64.Deploy.0 = Release|x64
		{F9B9FDEB-CFE3-424C-A2EA-4A881BBFCF56}.AppStore|x86.ActiveCfg = Release|x86
		{F9B9FDEB-CFE3-424C-A2EA-4A881BBFCF56}.AppStore|x86.Build.0 = Release|x86
		{F9B9FDEB-CFE3-424C-A2EA-4A881BBFCF56}.AppStore|x86.Deploy.0 = Release|x86
		{F9B9FDEB-CFE3-424C-A2EA-4A881BBFCF56}.Debug|Any CPU.ActiveCfg = Debug|x86
		{F9B9FDEB-CFE3-424C-A2EA-4A881BBFCF56}.Debug|ARM.ActiveCfg = Debug|ARM
		{F9B9FDEB-CFE3-424C-A2EA-4A881BBFCF56}.Debug|ARM.Build.0 = Debug|ARM
		{F9B9FDEB-CFE3-424C-A2EA-4A881BBFCF56}.Debug|ARM.Deploy.0 = Debug|ARM
		{F9B9FDEB-CFE3-424C-A2EA-4A881BBFCF56}.Debug|iPhone.ActiveCfg = Debug|x86
		{F9B9FDEB-CFE3-424C-A2EA-4A881BBFCF56}.Debug|iPhoneSimulator.ActiveCfg = Debug|x86
		{F9B9FDEB-CFE3-424C-A2EA-4A881BBFCF56}.Debug|x64.ActiveCfg = Debug|x64
		{F9B9FDEB-CFE3-424C-A2EA-4A881BBFCF56}.Debug|x64.Build.0 = Debug|x64
		{F9B9FDEB-CFE3-424C-A2EA-4A881BBFCF56}.Debug|x64.Deploy.0 = Debug|x64
		{F9B9FDEB-CFE3-424C-A2EA-4A881BBFCF56}.Debug|x86.ActiveCfg = Debug|x86
		{F9B9FDEB-CFE3-424C-A2EA-4A881BBFCF56}.Debug|x86.Build.0 = Debug|x86
		{F9B9FDEB-CFE3-424C-A2EA-4A881BBFCF56}.Debug|x86.Deploy.0 = Debug|x86
		{F9B9FDEB-CFE3-424C-A2EA-4A881BBFCF56}.Release|Any CPU.ActiveCfg = Release|x86
		{F9B9FDEB-CFE3-424C-A2EA-4A881BBFCF56}.Release|ARM.ActiveCfg = Release|ARM
		{F9B9FDEB-CFE3-424C-A2EA-4A881BBFCF56}.Release|ARM.Build.0 = Release|ARM
		{F9B9FDEB-CFE3-424C-A2EA-4A881BBFCF56}.Release|ARM.Deploy.0 = Release|ARM
		{F9B9FDEB-CFE3-424C-A2EA-4A881BBFCF56}.Release|iPhone.ActiveCfg = Release|x86
		{F9B9FDEB-CFE3-424C-A2EA-4A881BBFCF56}.Release|iPhoneSimulator.ActiveCfg = Release|x86
		{F9B9FDEB-CFE3-424C-A2EA-4A881BBFCF56}.Release|x64.ActiveCfg = Release|x64
		{F9B9FDEB-CFE3-424C-A2EA-4A881BBFCF56}.Release|x64.Build.0 = Release|x64
		{F9B9FDEB-CFE3-424C-A2EA-4A881BBFCF56}.Release|x64.Deploy.0 = Release|x64
		{F9B9FDEB-CFE3-424C-A2EA-4A881BBFCF56}.Release|x86.ActiveCfg = Release|x86
		{F9B9FDEB-CFE3-424C-A2EA-4A881BBFCF56}.Release|x86.Build.0 = Release|x86
		{F9B9FDEB-CFE3-424C-A2EA-4A881BBFCF56}.Release|x86.Deploy.0 = Release|x86
	EndGlobalSection
	GlobalSection(SolutionProperties) = preSolution
		HideSolutionNode = FALSE
	EndGlobalSection
	GlobalSection(ExtensibilityGlobals) = postSolution
		SolutionGuid = {5D3C27D0-3496-450A-9BF5-98A7CD69A8AE}
	EndGlobalSection
EndGlobal
